
Microsoft Visual Studio Solution File, Format Version 12.00
# Visual Studio 14
VisualStudioVersion = 14.0.25420.1
MinimumVisualStudioVersion = 10.0.40219.1
Project("{FAE04EC0-301F-11D3-BF4B-00C04F79EFBC}") = "Problem01SumofThreeNumbers", "Problem01SumofThreeNumbers\Problem01SumofThreeNumbers.csproj", "{EE2F6311-EDF1-4DC9-9A7F-116273B2DC64}"
EndProject
Project("{FAE04EC0-301F-11D3-BF4B-00C04F79EFBC}") = "Problem02CompanyInfo", "Problem02CompanyInfo\Problem02CompanyInfo.csproj", "{E229FB45-98CF-445B-B7FA-EE5B9708D8B3}"
EndProject
Project("{FAE04EC0-301F-11D3-BF4B-00C04F79EFBC}") = "Problem03Circle", "Problem03Circle\Problem03Circle.csproj", "{C3E9182D-BACB-4BD0-905C-47E5DC22C3D9}"
EndProject
Project("{FAE04EC0-301F-11D3-BF4B-00C04F79EFBC}") = "Problem05NumbersComparer", "Problem05NumbersComparer\Problem05NumbersComparer.csproj", "{B63924A5-925E-4976-8E03-BA514C4F68E4}"
EndProject
Project("{FAE04EC0-301F-11D3-BF4B-00C04F79EFBC}") = "Problem06QuadraticEquation", "Problem06QuadraticEquation\Problem06QuadraticEquation.csproj", "{6228A549-19A8-4351-AC10-593EDDA59011}"
EndProject
Project("{FAE04EC0-301F-11D3-BF4B-00C04F79EFBC}") = "Problem07SumOfFiveNumbers", "Problem07SumOfFiveNumbers\Problem07SumOfFiveNumbers.csproj", "{5D680385-3F7A-4321-B0C2-9B40708DC1CA}"
EndProject
Project("{FAE04EC0-301F-11D3-BF4B-00C04F79EFBC}") = "Problem08NumbersFromOneToN", "Problem08NumbersFromOneToN\Problem08NumbersFromOneToN.csproj", "{556EDC08-5D36-495A-BA13-B29F65F1AEA5}"
EndProject
Project("{FAE04EC0-301F-11D3-BF4B-00C04F79EFBC}") = "Problem09SumOfNNumbers", "Problem09SumOfNNumbers\Problem09SumOfNNumbers.csproj", "{468B9480-CD21-409C-B324-11B3FEA3AD2F}"
EndProject
Project("{FAE04EC0-301F-11D3-BF4B-00C04F79EFBC}") = "Problem10FibonacciNumbers", "Problem10FibonacciNumbers\Problem10FibonacciNumbers.csproj", "{F8F5CA11-A79A-49BE-8097-ECCC152EBBE4}"
EndProject
Project("{FAE04EC0-301F-11D3-BF4B-00C04F79EFBC}") = "Problem11Interval", "Problem11Interval\Problem11Interval.csproj", "{88C6D409-3B5D-4BF3-A14A-42021530A6F9}"
EndProject
Project("{FAE04EC0-301F-11D3-BF4B-00C04F79EFBC}") = "Problem04FormattingNumbers", "Problem04FormattingNumbers\Problem04FormattingNumbers.csproj", "{981E93C2-F054-4664-A314-538C29A188C7}"
EndProject
Project("{FAE04EC0-301F-11D3-BF4B-00C04F79EFBC}") = "Problem12FallingRocks", "Problem12FallingRocks\Problem12FallingRocks.csproj", "{D2913247-FD2A-44E4-A5BD-E04B40513715}"
EndProject
Global
	GlobalSection(SolutionConfigurationPlatforms) = preSolution
		Debug|Any CPU = Debug|Any CPU
		Release|Any CPU = Release|Any CPU
	EndGlobalSection
	GlobalSection(ProjectConfigurationPlatforms) = postSolution
		{EE2F6311-EDF1-4DC9-9A7F-116273B2DC64}.Debug|Any CPU.ActiveCfg = Debug|Any CPU
		{EE2F6311-EDF1-4DC9-9A7F-116273B2DC64}.Debug|Any CPU.Build.0 = Debug|Any CPU
		{EE2F6311-EDF1-4DC9-9A7F-116273B2DC64}.Release|Any CPU.ActiveCfg = Release|Any CPU
		{EE2F6311-EDF1-4DC9-9A7F-116273B2DC64}.Release|Any CPU.Build.0 = Release|Any CPU
		{E229FB45-98CF-445B-B7FA-EE5B9708D8B3}.Debug|Any CPU.ActiveCfg = Debug|Any CPU
		{E229FB45-98CF-445B-B7FA-EE5B9708D8B3}.Debug|Any CPU.Build.0 = Debug|Any CPU
		{E229FB45-98CF-445B-B7FA-EE5B9708D8B3}.Release|Any CPU.ActiveCfg = Release|Any CPU
		{E229FB45-98CF-445B-B7FA-EE5B9708D8B3}.Release|Any CPU.Build.0 = Release|Any CPU
		{C3E9182D-BACB-4BD0-905C-47E5DC22C3D9}.Debug|Any CPU.ActiveCfg = Debug|Any CPU
		{C3E9182D-BACB-4BD0-905C-47E5DC22C3D9}.Debug|Any CPU.Build.0 = Debug|Any CPU
		{C3E9182D-BACB-4BD0-905C-47E5DC22C3D9}.Release|Any CPU.ActiveCfg = Release|Any CPU
		{C3E9182D-BACB-4BD0-905C-47E5DC22C3D9}.Release|Any CPU.Build.0 = Release|Any CPU
		{B63924A5-925E-4976-8E03-BA514C4F68E4}.Debug|Any CPU.ActiveCfg = Debug|Any CPU
		{B63924A5-925E-4976-8E03-BA514C4F68E4}.Debug|Any CPU.Build.0 = Debug|Any CPU
		{B63924A5-925E-4976-8E03-BA514C4F68E4}.Release|Any CPU.ActiveCfg = Release|Any CPU
		{B63924A5-925E-4976-8E03-BA514C4F68E4}.Release|Any CPU.Build.0 = Release|Any CPU
		{6228A549-19A8-4351-AC10-593EDDA59011}.Debug|Any CPU.ActiveCfg = Debug|Any CPU
		{6228A549-19A8-4351-AC10-593EDDA59011}.Debug|Any CPU.Build.0 = Debug|Any CPU
		{6228A549-19A8-4351-AC10-593EDDA59011}.Release|Any CPU.ActiveCfg = Release|Any CPU
		{6228A549-19A8-4351-AC10-593EDDA59011}.Release|Any CPU.Build.0 = Release|Any CPU
		{5D680385-3F7A-4321-B0C2-9B40708DC1CA}.Debug|Any CPU.ActiveCfg = Debug|Any CPU
		{5D680385-3F7A-4321-B0C2-9B40708DC1CA}.Debug|Any CPU.Build.0 = Debug|Any CPU
		{5D680385-3F7A-4321-B0C2-9B40708DC1CA}.Release|Any CPU.ActiveCfg = Release|Any CPU
		{5D680385-3F7A-4321-B0C2-9B40708DC1CA}.Release|Any CPU.Build.0 = Release|Any CPU
		{556EDC08-5D36-495A-BA13-B29F65F1AEA5}.Debug|Any CPU.ActiveCfg = Debug|Any CPU
		{556EDC08-5D36-495A-BA13-B29F65F1AEA5}.Debug|Any CPU.Build.0 = Debug|Any CPU
		{556EDC08-5D36-495A-BA13-B29F65F1AEA5}.Release|Any CPU.ActiveCfg = Release|Any CPU
		{556EDC08-5D36-495A-BA13-B29F65F1AEA5}.Release|Any CPU.Build.0 = Release|Any CPU
		{468B9480-CD21-409C-B324-11B3FEA3AD2F}.Debug|Any CPU.ActiveCfg = Debug|Any CPU
		{468B9480-CD21-409C-B324-11B3FEA3AD2F}.Debug|Any CPU.Build.0 = Debug|Any CPU
		{468B9480-CD21-409C-B324-11B3FEA3AD2F}.Release|Any CPU.ActiveCfg = Release|Any CPU
		{468B9480-CD21-409C-B324-11B3FEA3AD2F}.Release|Any CPU.Build.0 = Release|Any CPU
		{F8F5CA11-A79A-49BE-8097-ECCC152EBBE4}.Debug|Any CPU.ActiveCfg = Debug|Any CPU
		{F8F5CA11-A79A-49BE-8097-ECCC152EBBE4}.Debug|Any CPU.Build.0 = Debug|Any CPU
		{F8F5CA11-A79A-49BE-8097-ECCC152EBBE4}.Release|Any CPU.ActiveCfg = Release|Any CPU
		{F8F5CA11-A79A-49BE-8097-ECCC152EBBE4}.Release|Any CPU.Build.0 = Release|Any CPU
		{88C6D409-3B5D-4BF3-A14A-42021530A6F9}.Debug|Any CPU.ActiveCfg = Debug|Any CPU
		{88C6D409-3B5D-4BF3-A14A-42021530A6F9}.Debug|Any CPU.Build.0 = Debug|Any CPU
		{88C6D409-3B5D-4BF3-A14A-42021530A6F9}.Release|Any CPU.ActiveCfg = Release|Any CPU
		{88C6D409-3B5D-4BF3-A14A-42021530A6F9}.Release|Any CPU.Build.0 = Release|Any CPU
		{981E93C2-F054-4664-A314-538C29A188C7}.Debug|Any CPU.ActiveCfg = Debug|Any CPU
		{981E93C2-F054-4664-A314-538C29A188C7}.Debug|Any CPU.Build.0 = Debug|Any CPU
		{981E93C2-F054-4664-A314-538C29A188C7}.Release|Any CPU.ActiveCfg = Release|Any CPU
		{981E93C2-F054-4664-A314-538C29A188C7}.Release|Any CPU.Build.0 = Release|Any CPU
		{D2913247-FD2A-44E4-A5BD-E04B40513715}.Debug|Any CPU.ActiveCfg = Debug|Any CPU
		{D2913247-FD2A-44E4-A5BD-E04B40513715}.Debug|Any CPU.Build.0 = Debug|Any CPU
		{D2913247-FD2A-44E4-A5BD-E04B40513715}.Release|Any CPU.ActiveCfg = Release|Any CPU
		{D2913247-FD2A-44E4-A5BD-E04B40513715}.Release|Any CPU.Build.0 = Release|Any CPU
	EndGlobalSection
	GlobalSection(SolutionProperties) = preSolution
		HideSolutionNode = FALSE
	EndGlobalSection
EndGlobal
