
Microsoft Visual Studio Solution File, Format Version 12.00
# Visual Studio 14
VisualStudioVersion = 14.0.25420.1
MinimumVisualStudioVersion = 10.0.40219.1
Project("{FAE04EC0-301F-11D3-BF4B-00C04F79EFBC}") = "Problem07QuotesInStrings", "Problem07QuotesInStrings\Problem07QuotesInStrings.csproj", "{FA9C2B37-6111-4DB6-B798-EB7989BA3A15}"
EndProject
Project("{FAE04EC0-301F-11D3-BF4B-00C04F79EFBC}") = "Problem13ComparingFloats", "Problem13ComparingFloats\Problem13ComparingFloats.csproj", "{3D25FD63-C9C9-47D0-B502-AC7EF3E43D87}"
EndProject
Project("{FAE04EC0-301F-11D3-BF4B-00C04F79EFBC}") = "Problem14PrintTheASCIITable", "Problem14PrintTheASCIITable\Problem14PrintTheASCIITable.csproj", "{7D81C273-1A4A-4CC8-91C9-9538A0AD7B43}"
EndProject
Project("{FAE04EC0-301F-11D3-BF4B-00C04F79EFBC}") = "Problem01DeclareVariables", "Problem01DeclareVariables\Problem01DeclareVariables.csproj", "{F7BEBBFA-F12F-4BDC-805F-68464CB8C0B7}"
EndProject
Project("{FAE04EC0-301F-11D3-BF4B-00C04F79EFBC}") = "Problem02FloatOrDouble", "Problem02FloatOrDouble\Problem02FloatOrDouble.csproj", "{88BAB4A0-8E3F-4E69-B713-E033B317AD5C}"
EndProject
Project("{FAE04EC0-301F-11D3-BF4B-00C04F79EFBC}") = "Problem03VariableInHexadecimalFormat", "Problem03VariableInHexadecimalFormat\Problem03VariableInHexadecimalFormat.csproj", "{3E92B595-3EBF-4057-9D5C-029E33B76F93}"
EndProject
Project("{FAE04EC0-301F-11D3-BF4B-00C04F79EFBC}") = "Problem04UnicodeCharacter", "Problem04UnicodeCharacter\Problem04UnicodeCharacter.csproj", "{C86F1B11-7590-4B29-83CD-6FF5E625252D}"
EndProject
Project("{FAE04EC0-301F-11D3-BF4B-00C04F79EFBC}") = "Problem05BooleanVariable", "Problem05BooleanVariable\Problem05BooleanVariable.csproj", "{A73370A2-46A7-4613-A41C-C51DA2C42FF4}"
EndProject
Project("{FAE04EC0-301F-11D3-BF4B-00C04F79EFBC}") = "Problem06StringsAndObjects", "Problem06StringsAndObjects\Problem06StringsAndObjects.csproj", "{C5F47FD6-792B-42CC-AF47-8C8279686487}"
EndProject
Project("{FAE04EC0-301F-11D3-BF4B-00C04F79EFBC}") = "Problem08IsoscelesTriangle", "Problem08IsoscelesTriangle\Problem08IsoscelesTriangle.csproj", "{7948866B-71CA-41AF-8FA0-7BC6222B0D4B}"
EndProject
Project("{FAE04EC0-301F-11D3-BF4B-00C04F79EFBC}") = "Problem09ExchangeVariableValues", "Problem09ExchangeVariableValues\Problem09ExchangeVariableValues.csproj", "{97C1176A-F0C3-4BC7-BD51-C9424DDBDCA5}"
EndProject
Project("{FAE04EC0-301F-11D3-BF4B-00C04F79EFBC}") = "Problem10EmployeeData", "Problem10EmployeeData\Problem10EmployeeData.csproj", "{30EDBF7A-BB03-431F-96B2-BB5C3C221FE2}"
EndProject
Project("{FAE04EC0-301F-11D3-BF4B-00C04F79EFBC}") = "Problem12NullValuesArithmetic", "Problem12NullValuesArithmetic\Problem12NullValuesArithmetic.csproj", "{5F6ED371-A975-4112-8EB7-1967C4A20099}"
EndProject
Project("{FAE04EC0-301F-11D3-BF4B-00C04F79EFBC}") = "Problem11BankAccountData", "Problem11BankAccountData\Problem11BankAccountData.csproj", "{EAC0D35B-D0D3-40CB-B9E2-631BDCAE5157}"
EndProject
Global
	GlobalSection(SolutionConfigurationPlatforms) = preSolution
		Debug|Any CPU = Debug|Any CPU
		Release|Any CPU = Release|Any CPU
	EndGlobalSection
	GlobalSection(ProjectConfigurationPlatforms) = postSolution
		{FA9C2B37-6111-4DB6-B798-EB7989BA3A15}.Debug|Any CPU.ActiveCfg = Debug|Any CPU
		{FA9C2B37-6111-4DB6-B798-EB7989BA3A15}.Debug|Any CPU.Build.0 = Debug|Any CPU
		{FA9C2B37-6111-4DB6-B798-EB7989BA3A15}.Release|Any CPU.ActiveCfg = Release|Any CPU
		{FA9C2B37-6111-4DB6-B798-EB7989BA3A15}.Release|Any CPU.Build.0 = Release|Any CPU
		{3D25FD63-C9C9-47D0-B502-AC7EF3E43D87}.Debug|Any CPU.ActiveCfg = Debug|Any CPU
		{3D25FD63-C9C9-47D0-B502-AC7EF3E43D87}.Debug|Any CPU.Build.0 = Debug|Any CPU
		{3D25FD63-C9C9-47D0-B502-AC7EF3E43D87}.Release|Any CPU.ActiveCfg = Release|Any CPU
		{3D25FD63-C9C9-47D0-B502-AC7EF3E43D87}.Release|Any CPU.Build.0 = Release|Any CPU
		{7D81C273-1A4A-4CC8-91C9-9538A0AD7B43}.Debug|Any CPU.ActiveCfg = Debug|Any CPU
		{7D81C273-1A4A-4CC8-91C9-9538A0AD7B43}.Debug|Any CPU.Build.0 = Debug|Any CPU
		{7D81C273-1A4A-4CC8-91C9-9538A0AD7B43}.Release|Any CPU.ActiveCfg = Release|Any CPU
		{7D81C273-1A4A-4CC8-91C9-9538A0AD7B43}.Release|Any CPU.Build.0 = Release|Any CPU
		{F7BEBBFA-F12F-4BDC-805F-68464CB8C0B7}.Debug|Any CPU.ActiveCfg = Debug|Any CPU
		{F7BEBBFA-F12F-4BDC-805F-68464CB8C0B7}.Debug|Any CPU.Build.0 = Debug|Any CPU
		{F7BEBBFA-F12F-4BDC-805F-68464CB8C0B7}.Release|Any CPU.ActiveCfg = Release|Any CPU
		{F7BEBBFA-F12F-4BDC-805F-68464CB8C0B7}.Release|Any CPU.Build.0 = Release|Any CPU
		{88BAB4A0-8E3F-4E69-B713-E033B317AD5C}.Debug|Any CPU.ActiveCfg = Debug|Any CPU
		{88BAB4A0-8E3F-4E69-B713-E033B317AD5C}.Debug|Any CPU.Build.0 = Debug|Any CPU
		{88BAB4A0-8E3F-4E69-B713-E033B317AD5C}.Release|Any CPU.ActiveCfg = Release|Any CPU
		{88BAB4A0-8E3F-4E69-B713-E033B317AD5C}.Release|Any CPU.Build.0 = Release|Any CPU
		{3E92B595-3EBF-4057-9D5C-029E33B76F93}.Debug|Any CPU.ActiveCfg = Debug|Any CPU
		{3E92B595-3EBF-4057-9D5C-029E33B76F93}.Debug|Any CPU.Build.0 = Debug|Any CPU
		{3E92B595-3EBF-4057-9D5C-029E33B76F93}.Release|Any CPU.ActiveCfg = Release|Any CPU
		{3E92B595-3EBF-4057-9D5C-029E33B76F93}.Release|Any CPU.Build.0 = Release|Any CPU
		{C86F1B11-7590-4B29-83CD-6FF5E625252D}.Debug|Any CPU.ActiveCfg = Debug|Any CPU
		{C86F1B11-7590-4B29-83CD-6FF5E625252D}.Debug|Any CPU.Build.0 = Debug|Any CPU
		{C86F1B11-7590-4B29-83CD-6FF5E625252D}.Release|Any CPU.ActiveCfg = Release|Any CPU
		{C86F1B11-7590-4B29-83CD-6FF5E625252D}.Release|Any CPU.Build.0 = Release|Any CPU
		{A73370A2-46A7-4613-A41C-C51DA2C42FF4}.Debug|Any CPU.ActiveCfg = Debug|Any CPU
		{A73370A2-46A7-4613-A41C-C51DA2C42FF4}.Debug|Any CPU.Build.0 = Debug|Any CPU
		{A73370A2-46A7-4613-A41C-C51DA2C42FF4}.Release|Any CPU.ActiveCfg = Release|Any CPU
		{A73370A2-46A7-4613-A41C-C51DA2C42FF4}.Release|Any CPU.Build.0 = Release|Any CPU
		{C5F47FD6-792B-42CC-AF47-8C8279686487}.Debug|Any CPU.ActiveCfg = Debug|Any CPU
		{C5F47FD6-792B-42CC-AF47-8C8279686487}.Debug|Any CPU.Build.0 = Debug|Any CPU
		{C5F47FD6-792B-42CC-AF47-8C8279686487}.Release|Any CPU.ActiveCfg = Release|Any CPU
		{C5F47FD6-792B-42CC-AF47-8C8279686487}.Release|Any CPU.Build.0 = Release|Any CPU
		{7948866B-71CA-41AF-8FA0-7BC6222B0D4B}.Debug|Any CPU.ActiveCfg = Debug|Any CPU
		{7948866B-71CA-41AF-8FA0-7BC6222B0D4B}.Debug|Any CPU.Build.0 = Debug|Any CPU
		{7948866B-71CA-41AF-8FA0-7BC6222B0D4B}.Release|Any CPU.ActiveCfg = Release|Any CPU
		{7948866B-71CA-41AF-8FA0-7BC6222B0D4B}.Release|Any CPU.Build.0 = Release|Any CPU
		{97C1176A-F0C3-4BC7-BD51-C9424DDBDCA5}.Debug|Any CPU.ActiveCfg = Debug|Any CPU
		{97C1176A-F0C3-4BC7-BD51-C9424DDBDCA5}.Debug|Any CPU.Build.0 = Debug|Any CPU
		{97C1176A-F0C3-4BC7-BD51-C9424DDBDCA5}.Release|Any CPU.ActiveCfg = Release|Any CPU
		{97C1176A-F0C3-4BC7-BD51-C9424DDBDCA5}.Release|Any CPU.Build.0 = Release|Any CPU
		{30EDBF7A-BB03-431F-96B2-BB5C3C221FE2}.Debug|Any CPU.ActiveCfg = Debug|Any CPU
		{30EDBF7A-BB03-431F-96B2-BB5C3C221FE2}.Debug|Any CPU.Build.0 = Debug|Any CPU
		{30EDBF7A-BB03-431F-96B2-BB5C3C221FE2}.Release|Any CPU.ActiveCfg = Release|Any CPU
		{30EDBF7A-BB03-431F-96B2-BB5C3C221FE2}.Release|Any CPU.Build.0 = Release|Any CPU
		{5F6ED371-A975-4112-8EB7-1967C4A20099}.Debug|Any CPU.ActiveCfg = Debug|Any CPU
		{5F6ED371-A975-4112-8EB7-1967C4A20099}.Debug|Any CPU.Build.0 = Debug|Any CPU
		{5F6ED371-A975-4112-8EB7-1967C4A20099}.Release|Any CPU.ActiveCfg = Release|Any CPU
		{5F6ED371-A975-4112-8EB7-1967C4A20099}.Release|Any CPU.Build.0 = Release|Any CPU
		{EAC0D35B-D0D3-40CB-B9E2-631BDCAE5157}.Debug|Any CPU.ActiveCfg = Debug|Any CPU
		{EAC0D35B-D0D3-40CB-B9E2-631BDCAE5157}.Debug|Any CPU.Build.0 = Debug|Any CPU
		{EAC0D35B-D0D3-40CB-B9E2-631BDCAE5157}.Release|Any CPU.ActiveCfg = Release|Any CPU
		{EAC0D35B-D0D3-40CB-B9E2-631BDCAE5157}.Release|Any CPU.Build.0 = Release|Any CPU
	EndGlobalSection
	GlobalSection(SolutionProperties) = preSolution
		HideSolutionNode = FALSE
	EndGlobalSection
EndGlobal
