
Microsoft Visual Studio Solution File, Format Version 12.00
# Visual Studio 14
VisualStudioVersion = 14.0.25420.1
MinimumVisualStudioVersion = 10.0.40219.1
Project("{FAE04EC0-301F-11D3-BF4B-00C04F79EFBC}") = "Problem01Shapes", "Problem01Shapes\Problem01Shapes.csproj", "{0FC6DEA5-5D92-4F4D-B3D2-3023CF084D9E}"
EndProject
Project("{FAE04EC0-301F-11D3-BF4B-00C04F79EFBC}") = "Problem02BankAccounts", "Problem02BankAccounts\Problem02BankAccounts.csproj", "{10FBE4EC-CA64-41DF-AAFB-239353D7A16B}"
EndProject
Project("{FAE04EC0-301F-11D3-BF4B-00C04F79EFBC}") = "Problem03RangeExceptions", "Problem03RangeExceptions\Problem03RangeExceptions.csproj", "{F5849B8E-BD0D-41F0-8F94-8A6CEC15C613}"
EndProject
Global
	GlobalSection(SolutionConfigurationPlatforms) = preSolution
		Debug|Any CPU = Debug|Any CPU
		Release|Any CPU = Release|Any CPU
	EndGlobalSection
	GlobalSection(ProjectConfigurationPlatforms) = postSolution
		{0FC6DEA5-5D92-4F4D-B3D2-3023CF084D9E}.Debug|Any CPU.ActiveCfg = Debug|Any CPU
		{0FC6DEA5-5D92-4F4D-B3D2-3023CF084D9E}.Debug|Any CPU.Build.0 = Debug|Any CPU
		{0FC6DEA5-5D92-4F4D-B3D2-3023CF084D9E}.Release|Any CPU.ActiveCfg = Release|Any CPU
		{0FC6DEA5-5D92-4F4D-B3D2-3023CF084D9E}.Release|Any CPU.Build.0 = Release|Any CPU
		{10FBE4EC-CA64-41DF-AAFB-239353D7A16B}.Debug|Any CPU.ActiveCfg = Debug|Any CPU
		{10FBE4EC-CA64-41DF-AAFB-239353D7A16B}.Debug|Any CPU.Build.0 = Debug|Any CPU
		{10FBE4EC-CA64-41DF-AAFB-239353D7A16B}.Release|Any CPU.ActiveCfg = Release|Any CPU
		{10FBE4EC-CA64-41DF-AAFB-239353D7A16B}.Release|Any CPU.Build.0 = Release|Any CPU
		{F5849B8E-BD0D-41F0-8F94-8A6CEC15C613}.Debug|Any CPU.ActiveCfg = Debug|Any CPU
		{F5849B8E-BD0D-41F0-8F94-8A6CEC15C613}.Debug|Any CPU.Build.0 = Debug|Any CPU
		{F5849B8E-BD0D-41F0-8F94-8A6CEC15C613}.Release|Any CPU.ActiveCfg = Release|Any CPU
		{F5849B8E-BD0D-41F0-8F94-8A6CEC15C613}.Release|Any CPU.Build.0 = Release|Any CPU
	EndGlobalSection
	GlobalSection(SolutionProperties) = preSolution
		HideSolutionNode = FALSE
	EndGlobalSection
EndGlobal
